<?xml version="1.0" encoding="utf-8"?>
<Project ToolsVersion="4.0" xmlns="http://schemas.microsoft.com/developer/msbuild/2003">
  <ItemGroup>
    <Filter Include="源文件">
      <UniqueIdentifier>{4FC737F1-C7A5-4376-A066-2A32D752A2FF}</UniqueIdentifier>
      <Extensions>cpp;c;cc;cxx;def;odl;idl;hpj;bat;asm;asmx</Extensions>
    </Filter>
    <Filter Include="头文件">
      <UniqueIdentifier>{93995380-89BD-4b04-88EB-625FBE52EBFB}</UniqueIdentifier>
      <Extensions>h;hh;hpp;hxx;hm;inl;inc;ipp;xsd</Extensions>
    </Filter>
    <Filter Include="资源文件">
      <UniqueIdentifier>{67DA6AB6-F800-4c08-8B7A-83BB121AAD01}</UniqueIdentifier>
      <Extensions>rc;ico;cur;bmp;dlg;rc2;rct;bin;rgs;gif;jpg;jpeg;jpe;resx;tiff;tif;png;wav;mfcribbon-ms</Extensions>
    </Filter>
    <Filter Include="源文件\tinyxml">
      <UniqueIdentifier>{22d415fe-a752-432d-b0aa-0d82a52ae9f1}</UniqueIdentifier>
    </Filter>
    <Filter Include="头文件\tinyxml">
      <UniqueIdentifier>{7de97a4c-9ae8-4ab3-9ac9-b7a772fbd1ff}</UniqueIdentifier>
    </Filter>
  </ItemGroup>
  <ItemGroup>
    <ClInclude Include="ProjectAA.h">
      <Filter>头文件</Filter>
    </ClInclude>
    <ClInclude Include="ProjectAADlg.h">
      <Filter>头文件</Filter>
    </ClInclude>
    <ClInclude Include="framework.h">
      <Filter>头文件</Filter>
    </ClInclude>
    <ClInclude Include="targetver.h">
      <Filter>头文件</Filter>
    </ClInclude>
    <ClInclude Include="Resource.h">
      <Filter>头文件</Filter>
    </ClInclude>
    <ClInclude Include="pch.h">
      <Filter>头文件</Filter>
    </ClInclude>
    <ClInclude Include="MotorDlg.h">
      <Filter>头文件</Filter>
    </ClInclude>
    <ClInclude Include="mn200.h">
      <Filter>头文件</Filter>
    </ClInclude>
    <ClInclude Include="Motor.h">
      <Filter>头文件</Filter>
    </ClInclude>
    <ClInclude Include="TypeDef.h">
      <Filter>头文件</Filter>
    </ClInclude>
    <ClInclude Include="_utils.h">
      <Filter>头文件</Filter>
    </ClInclude>
    <ClInclude Include="ConfigIni.h">
      <Filter>头文件</Filter>
    </ClInclude>
    <ClInclude Include="SystemManager.h">
      <Filter>头文件</Filter>
    </ClInclude>
    <ClInclude Include="ConfigFileManager.h">
      <Filter>头文件</Filter>
    </ClInclude>
    <ClInclude Include="..\tinxml\tinystr.h">
      <Filter>头文件\tinyxml</Filter>
    </ClInclude>
    <ClInclude Include="..\tinxml\tinyxml.h">
      <Filter>头文件\tinyxml</Filter>
    </ClInclude>
    <ClInclude Include="SystemLog.h">
      <Filter>头文件</Filter>
    </ClInclude>
    <ClInclude Include="LogDlg.h">
      <Filter>头文件</Filter>
    </ClInclude>
    <ClInclude Include="ChangeProject.h">
      <Filter>头文件</Filter>
    </ClInclude>
    <ClInclude Include="ImageCaptureDlg.h">
      <Filter>头文件</Filter>
    </ClInclude>
    <ClInclude Include="Capture.h">
      <Filter>头文件</Filter>
    </ClInclude>
    <ClInclude Include="Image.h">
      <Filter>头文件</Filter>
    </ClInclude>
    <ClInclude Include="SFRSettingDlg.h">
      <Filter>头文件</Filter>
    </ClInclude>
    <ClInclude Include="chart.h">
      <Filter>头文件</Filter>
    </ClInclude>
    <ClInclude Include="s_sfr.h">
      <Filter>头文件</Filter>
    </ClInclude>
    <ClInclude Include="bounded_buffer.h">
      <Filter>头文件</Filter>
    </ClInclude>
    <ClInclude Include="SocketServer.h">
      <Filter>头文件</Filter>
    </ClInclude>
    <ClInclude Include="cts.h">
      <Filter>头文件</Filter>
    </ClInclude>
    <ClInclude Include="HisFX3Platform.h">
      <Filter>头文件</Filter>
    </ClInclude>
    <ClInclude Include="HisGlobalDefine.h">
      <Filter>头文件</Filter>
    </ClInclude>
    <ClInclude Include="IOControlDlg.h">
      <Filter>头文件</Filter>
    </ClInclude>
    <ClInclude Include="IO.h">
      <Filter>头文件</Filter>
    </ClInclude>
    <ClInclude Include="AAControlDlg.h">
      <Filter>头文件</Filter>
    </ClInclude>
    <ClInclude Include="SocketClient.h">
      <Filter>头文件</Filter>
    </ClInclude>
    <ClInclude Include="ManualControlDlg.h">
      <Filter>头文件</Filter>
    </ClInclude>
    <ClInclude Include="RS232SetDlg.h">
      <Filter>头文件</Filter>
    </ClInclude>
    <ClInclude Include="LoginDlg.h">
      <Filter>头文件</Filter>
    </ClInclude>
    <ClInclude Include="Rs232Com.h">
      <Filter>头文件</Filter>
    </ClInclude>
    <ClInclude Include="LTDMC.h">
      <Filter>头文件</Filter>
    </ClInclude>
    <ClInclude Include="HisFX3CCMAlg.h">
      <Filter>头文件</Filter>
    </ClInclude>
    <ClInclude Include="CameraDS.h">
      <Filter>头文件</Filter>
    </ClInclude>
    <ClInclude Include="LightTestDlg.h">
      <Filter>头文件</Filter>
    </ClInclude>
    <ClInclude Include="CountDlg.h">
      <Filter>头文件</Filter>
    </ClInclude>
    <ClInclude Include="Test.h">
      <Filter>头文件</Filter>
    </ClInclude>
  </ItemGroup>
  <ItemGroup>
    <ClCompile Include="ProjectAA.cpp">
      <Filter>源文件</Filter>
    </ClCompile>
    <ClCompile Include="ProjectAADlg.cpp">
      <Filter>源文件</Filter>
    </ClCompile>
    <ClCompile Include="pch.cpp">
      <Filter>源文件</Filter>
    </ClCompile>
    <ClCompile Include="MotorDlg.cpp">
      <Filter>源文件</Filter>
    </ClCompile>
    <ClCompile Include="Motor.cpp">
      <Filter>源文件</Filter>
    </ClCompile>
    <ClCompile Include="ConfigIni.cpp">
      <Filter>源文件</Filter>
    </ClCompile>
    <ClCompile Include="..\tinxml\tinystr.cpp">
      <Filter>源文件\tinyxml</Filter>
    </ClCompile>
    <ClCompile Include="..\tinxml\tinyxml.cpp">
      <Filter>源文件\tinyxml</Filter>
    </ClCompile>
    <ClCompile Include="..\tinxml\tinyxmlerror.cpp">
      <Filter>源文件\tinyxml</Filter>
    </ClCompile>
    <ClCompile Include="..\tinxml\tinyxmlparser.cpp">
      <Filter>源文件\tinyxml</Filter>
    </ClCompile>
    <ClCompile Include="SystemLog.cpp">
      <Filter>源文件</Filter>
    </ClCompile>
    <ClCompile Include="LogDlg.cpp">
      <Filter>源文件</Filter>
    </ClCompile>
    <ClCompile Include="SystemManager.cpp">
      <Filter>源文件</Filter>
    </ClCompile>
    <ClCompile Include="ChangeProject.cpp">
      <Filter>源文件</Filter>
    </ClCompile>
    <ClCompile Include="ImageCaptureDlg.cpp">
      <Filter>源文件</Filter>
    </ClCompile>
    <ClCompile Include="Capture.cpp">
      <Filter>源文件</Filter>
    </ClCompile>
    <ClCompile Include="Capture_File.cpp">
      <Filter>源文件</Filter>
    </ClCompile>
    <ClCompile Include="Image.cpp">
      <Filter>源文件</Filter>
    </ClCompile>
    <ClCompile Include="SFRSettingDlg.cpp">
      <Filter>源文件</Filter>
    </ClCompile>
    <ClCompile Include="chart.cpp">
      <Filter>源文件</Filter>
    </ClCompile>
    <ClCompile Include="SocketServer.cpp">
      <Filter>源文件</Filter>
    </ClCompile>
    <ClCompile Include="Capture_CTS.cpp">
      <Filter>源文件</Filter>
    </ClCompile>
    <ClCompile Include="Capture_rlg.cpp">
      <Filter>源文件</Filter>
    </ClCompile>
    <ClCompile Include="IOControlDlg.cpp">
      <Filter>源文件</Filter>
    </ClCompile>
    <ClCompile Include="IO.cpp">
      <Filter>源文件</Filter>
    </ClCompile>
    <ClCompile Include="SystemManager-2.cpp">
      <Filter>源文件</Filter>
    </ClCompile>
    <ClCompile Include="AAControlDlg.cpp">
      <Filter>源文件</Filter>
    </ClCompile>
    <ClCompile Include="SystemManager-Auto.cpp">
      <Filter>源文件</Filter>
    </ClCompile>
    <ClCompile Include="SocketClient.cpp">
      <Filter>源文件</Filter>
    </ClCompile>
    <ClCompile Include="ManualControlDlg.cpp">
      <Filter>源文件</Filter>
    </ClCompile>
    <ClCompile Include="RS232SetDlg.cpp">
      <Filter>源文件</Filter>
    </ClCompile>
    <ClCompile Include="LoginDlg.cpp">
      <Filter>源文件</Filter>
    </ClCompile>
    <ClCompile Include="Rs232Com.cpp">
      <Filter>源文件</Filter>
    </ClCompile>
    <ClCompile Include="CameraDS.cpp">
      <Filter>源文件</Filter>
    </ClCompile>
    <ClCompile Include="Capture_CameraDs.cpp">
      <Filter>源文件</Filter>
    </ClCompile>
    <ClCompile Include="LightTestDlg.cpp">
      <Filter>源文件</Filter>
    </ClCompile>
    <ClCompile Include="CountDlg.cpp">
      <Filter>源文件</Filter>
    </ClCompile>
    <ClCompile Include="Test.cpp">
      <Filter>源文件</Filter>
    </ClCompile>
  </ItemGroup>
  <ItemGroup>
    <ResourceCompile Include="ProjectAA.rc">
      <Filter>资源文件</Filter>
    </ResourceCompile>
  </ItemGroup>
  <ItemGroup>
    <None Include="res\ProjectAA.rc2">
      <Filter>资源文件</Filter>
    </None>
    <None Include="ProjectAA.exe.config">
      <Filter>源文件</Filter>
    </None>
  </ItemGroup>
  <ItemGroup>
    <Image Include="res\ProjectAA.ico">
      <Filter>资源文件</Filter>
    </Image>
    <Image Include="res\icon1.ico">
      <Filter>资源文件</Filter>
    </Image>
    <Image Include="res\icon2.ico">
      <Filter>资源文件</Filter>
    </Image>
    <Image Include="res\start.ico">
      <Filter>资源文件</Filter>
    </Image>
    <Image Include="res\stop.ico">
      <Filter>资源文件</Filter>
    </Image>
    <Image Include="res\save.ico">
      <Filter>资源文件</Filter>
    </Image>
  </ItemGroup>
</Project>